Microsoft Visual Studio Solution File, Format Version 12.00
# Visual Studio 16
Project("{8BC9CEB8-8B4A-11D0-8D11-00A0C91BC942}") = "ALL_BUILD", "ALL_BUILD.vcxproj", "{6D32168D-E6DA-3CE7-A120-3E542941B327}"
	ProjectSection(ProjectDependencies) = postProject
		{12F327C7-1401-3C2D-80EA-88EA01B05EA3} = {12F327C7-1401-3C2D-80EA-88EA01B05EA3}
		{CFD07016-D9F4-3AC2-A9F0-7DF33B969B12} = {CFD07016-D9F4-3AC2-A9F0-7DF33B969B12}
	EndProjectSection
EndProject
Project("{8BC9CEB8-8B4A-11D0-8D11-00A0C91BC942}") = "DameDis", "DameDis.vcxproj", "{12F327C7-1401-3C2D-80EA-88EA01B05EA3}"
	ProjectSection(ProjectDependencies) = postProject
		{CFD07016-D9F4-3AC2-A9F0-7DF33B969B12} = {CFD07016-D9F4-3AC2-A9F0-7DF33B969B12}
	EndProjectSection
EndProject
Project("{8BC9CEB8-8B4A-11D0-8D11-00A0C91BC942}") = "ZERO_CHECK", "ZERO_CHECK.vcxproj", "{CFD07016-D9F4-3AC2-A9F0-7DF33B969B12}"
	ProjectSection(ProjectDependencies) = postProject
	EndProjectSection
EndProject
Global
	GlobalSection(SolutionConfigurationPlatforms) = preSolution
		Debug|WIN32 = Debug|WIN32
		Release|WIN32 = Release|WIN32
	EndGlobalSection
	GlobalSection(ProjectConfigurationPlatforms) = postSolution
		{6D32168D-E6DA-3CE7-A120-3E542941B327}.Debug|WIN32.ActiveCfg = Debug|WIN32
		{6D32168D-E6DA-3CE7-A120-3E542941B327}.Release|WIN32.ActiveCfg = Release|WIN32
		{12F327C7-1401-3C2D-80EA-88EA01B05EA3}.Debug|WIN32.ActiveCfg = Debug|WIN32
		{12F327C7-1401-3C2D-80EA-88EA01B05EA3}.Debug|WIN32.Build.0 = Debug|WIN32
		{12F327C7-1401-3C2D-80EA-88EA01B05EA3}.Release|WIN32.ActiveCfg = Release|WIN32
		{12F327C7-1401-3C2D-80EA-88EA01B05EA3}.Release|WIN32.Build.0 = Release|WIN32
		{CFD07016-D9F4-3AC2-A9F0-7DF33B969B12}.Debug|WIN32.ActiveCfg = Debug|WIN32
		{CFD07016-D9F4-3AC2-A9F0-7DF33B969B12}.Debug|WIN32.Build.0 = Debug|WIN32
		{CFD07016-D9F4-3AC2-A9F0-7DF33B969B12}.Release|WIN32.ActiveCfg = Release|WIN32
		{CFD07016-D9F4-3AC2-A9F0-7DF33B969B12}.Release|WIN32.Build.0 = Release|WIN32
	EndGlobalSection
	GlobalSection(ExtensibilityGlobals) = postSolution
		SolutionGuid = {605A4136-ABB6-3E3F-89A9-88889556A55F}
	EndGlobalSection
	GlobalSection(ExtensibilityAddIns) = postSolution
	EndGlobalSection
EndGlobal
